{
  "name": "cdl-pool",
  "version": "0.1.0",
  "lockfileVersion": 3,
  "requires": true,
  "packages": {
    "": {
      "name": "cdl-pool",
      "version": "0.1.0",
      "dependencies": {
        "@equisoft/tax-ca": "~2026.10.0"
      }
    },
    "node_modules/@equisoft/tax-ca": {
      "version": "2026.10.0",
      "resolved": "https://registry.npmjs.org/@equisoft/tax-ca/-/tax-ca-2026.10.0.tgz",
      "integrity": "sha512-+lvJhGziQy/AG1kKMwTIjyLVjwRAPwGS+dV4T0WTsTxNxfAjLy0N/BfuS6Eldr4ETm4kxY0A5nJ5w9aBstZNJQ==",
      "license": "LGPL-3.0-only"
    }
  }
}
